{
    "_meta": {
        "hash": {
            "sha256": "889a4fbe964a3794262fb8ac3624931cf0f9a4e9bc3a0f533724953d2a1e48b5"
        },
        "pipfile-spec": 6,
        "requires": {
            "python_version": "3.10"
        },
        "sources": [
            {
                "name": "pypi",
                "url": "https://pypi.org/simple",
                "verify_ssl": true
            }
        ]
    },
    "default": {
        "django-ordered-model": {
            "hashes": [
                "sha256:26c6b5a87a6e51323c53e0233d999dd1a9f40d43b0f17e478de951bc1f999c73",
                "sha256:a840b475ca0f2bac5f6e4918e107a8e075578babcd94b3b8d0ba7f009eaf1450"
            ],
            "index": "pypi",
            "version": "==3.5"
        }
    },
    "develop": {}
}
